// !$*UTF8*$!
{
	archiveVersion = 1;
	classes = {
	};
	objectVersion = 56;
	objects = {

/* Begin PBXBuildFile section */
		713C04DA294BBD5300A7E626 /* GoogleService-Info.plist in Resources */ = {isa = PBXBuildFile; fileRef = 713C04D9294BBD5300A7E626 /* GoogleService-Info.plist */; };
		713C04DB294BBD5300A7E626 /* GoogleService-Info.plist in Resources */ = {isa = PBXBuildFile; fileRef = 713C04D9294BBD5300A7E626 /* GoogleService-Info.plist */; };
		713C04DC294BBD5300A7E626 /* GoogleService-Info.plist in Resources */ = {isa = PBXBuildFile; fileRef = 713C04D9294BBD5300A7E626 /* GoogleService-Info.plist */; };
		713C04DE294BBF2100A7E626 /* WorkoutMaker.swift in Sources */ = {isa = PBXBuildFile; fileRef = 713C04DD294BBF2100A7E626 /* WorkoutMaker.swift */; };
		713C04DF294BBF2100A7E626 /* WorkoutMaker.swift in Sources */ = {isa = PBXBuildFile; fileRef = 713C04DD294BBF2100A7E626 /* WorkoutMaker.swift */; };
		713C04E0294BBF2100A7E626 /* WorkoutMaker.swift in Sources */ = {isa = PBXBuildFile; fileRef = 713C04DD294BBF2100A7E626 /* WorkoutMaker.swift */; };
		717D8994297F1598005CEAC8 /* Goals.swift in Sources */ = {isa = PBXBuildFile; fileRef = 717D8993297F1598005CEAC8 /* Goals.swift */; };
		71877F9B297F24580084CF37 /* Settings.swift in Sources */ = {isa = PBXBuildFile; fileRef = 71877F9A297F24580084CF37 /* Settings.swift */; };
		71877F9D297F249C0084CF37 /* AddCoach.swift in Sources */ = {isa = PBXBuildFile; fileRef = 71877F9C297F249C0084CF37 /* AddCoach.swift */; };
		71877F9F297F24D30084CF37 /* ForgotPasswordView.swift in Sources */ = {isa = PBXBuildFile; fileRef = 71877F9E297F24D30084CF37 /* ForgotPasswordView.swift */; };
		71BBD512296E0B4B002F6A56 /* NutritionalDATA.swift in Sources */ = {isa = PBXBuildFile; fileRef = 71BBD511296E0B4B002F6A56 /* NutritionalDATA.swift */; };
		71E3271129882BD700401596 /* FirebaseDocumentView.swift in Sources */ = {isa = PBXBuildFile; fileRef = 71E3271029882BD700401596 /* FirebaseDocumentView.swift */; };
		75DB47D429469859000F0540 /* iLiftNewApp.swift in Sources */ = {isa = PBXBuildFile; fileRef = 75DB47D329469859000F0540 /* iLiftNewApp.swift */; };
		75DB47D629469859000F0540 /* ContentView.swift in Sources */ = {isa = PBXBuildFile; fileRef = 75DB47D529469859000F0540 /* ContentView.swift */; };
		75DB47D82946985B000F0540 /* Assets.xcassets in Resources */ = {isa = PBXBuildFile; fileRef = 75DB47D72946985B000F0540 /* Assets.xcassets */; };
		75DB47DB2946985B000F0540 /* Preview Assets.xcassets in Resources */ = {isa = PBXBuildFile; fileRef = 75DB47DA2946985B000F0540 /* Preview Assets.xcassets */; };
		75DB47E52946985B000F0540 /* iLiftNewTests.swift in Sources */ = {isa = PBXBuildFile; fileRef = 75DB47E42946985B000F0540 /* iLiftNewTests.swift */; };
		75DB47EF2946985B000F0540 /* iLiftNewUITests.swift in Sources */ = {isa = PBXBuildFile; fileRef = 75DB47EE2946985B000F0540 /* iLiftNewUITests.swift */; };
		75DB47F12946985B000F0540 /* iLiftNewUITestsLaunchTests.swift in Sources */ = {isa = PBXBuildFile; fileRef = 75DB47F02946985B000F0540 /* iLiftNewUITestsLaunchTests.swift */; };
		75DB47FF2946992C000F0540 /* FirebaseAnalytics in Frameworks */ = {isa = PBXBuildFile; productRef = 75DB47FE2946992C000F0540 /* FirebaseAnalytics */; };
		75DB48012946992C000F0540 /* FirebaseAnalyticsOnDeviceConversion in Frameworks */ = {isa = PBXBuildFile; productRef = 75DB48002946992C000F0540 /* FirebaseAnalyticsOnDeviceConversion */; };
		75DB48032946992C000F0540 /* FirebaseAnalyticsSwift in Frameworks */ = {isa = PBXBuildFile; productRef = 75DB48022946992C000F0540 /* FirebaseAnalyticsSwift */; };
		75DB48052946992C000F0540 /* FirebaseAnalyticsWithoutAdIdSupport in Frameworks */ = {isa = PBXBuildFile; productRef = 75DB48042946992C000F0540 /* FirebaseAnalyticsWithoutAdIdSupport */; };
		75DB48072946992C000F0540 /* FirebaseAppCheck in Frameworks */ = {isa = PBXBuildFile; productRef = 75DB48062946992C000F0540 /* FirebaseAppCheck */; };
		75DB48092946992C000F0540 /* FirebaseAppDistribution-Beta in Frameworks */ = {isa = PBXBuildFile; productRef = 75DB48082946992C000F0540 /* FirebaseAppDistribution-Beta */; };
		75DB480B2946992C000F0540 /* FirebaseAuth in Frameworks */ = {isa = PBXBuildFile; productRef = 75DB480A2946992C000F0540 /* FirebaseAuth */; };
		75DB480D2946992C000F0540 /* FirebaseAuthCombine-Community in Frameworks */ = {isa = PBXBuildFile; productRef = 75DB480C2946992C000F0540 /* FirebaseAuthCombine-Community */; };
		75DB480F2946992C000F0540 /* FirebaseCrashlytics in Frameworks */ = {isa = PBXBuildFile; productRef = 75DB480E2946992C000F0540 /* FirebaseCrashlytics */; };
		75DB48112946992C000F0540 /* FirebaseDatabase in Frameworks */ = {isa = PBXBuildFile; productRef = 75DB48102946992C000F0540 /* FirebaseDatabase */; };
		75DB48132946992C000F0540 /* FirebaseDatabaseSwift in Frameworks */ = {isa = PBXBuildFile; productRef = 75DB48122946992C000F0540 /* FirebaseDatabaseSwift */; };
		75DB48152946992C000F0540 /* FirebaseDynamicLinks in Frameworks */ = {isa = PBXBuildFile; productRef = 75DB48142946992C000F0540 /* FirebaseDynamicLinks */; };
		75DB48172946992C000F0540 /* FirebaseFirestore in Frameworks */ = {isa = PBXBuildFile; productRef = 75DB48162946992C000F0540 /* FirebaseFirestore */; };
		75DB48192946992C000F0540 /* FirebaseFirestoreCombine-Community in Frameworks */ = {isa = PBXBuildFile; productRef = 75DB48182946992C000F0540 /* FirebaseFirestoreCombine-Community */; };
		75DB481B2946992C000F0540 /* FirebaseFirestoreSwift in Frameworks */ = {isa = PBXBuildFile; productRef = 75DB481A2946992C000F0540 /* FirebaseFirestoreSwift */; };
		75DB481D2946992C000F0540 /* FirebaseFunctions in Frameworks */ = {isa = PBXBuildFile; productRef = 75DB481C2946992C000F0540 /* FirebaseFunctions */; };
		75DB481F2946992C000F0540 /* FirebaseFunctionsCombine-Community in Frameworks */ = {isa = PBXBuildFile; productRef = 75DB481E2946992C000F0540 /* FirebaseFunctionsCombine-Community */; };
		75DB48212946992C000F0540 /* FirebaseInAppMessaging-Beta in Frameworks */ = {isa = PBXBuildFile; productRef = 75DB48202946992C000F0540 /* FirebaseInAppMessaging-Beta */; };
		75DB48232946992C000F0540 /* FirebaseInAppMessagingSwift-Beta in Frameworks */ = {isa = PBXBuildFile; productRef = 75DB48222946992C000F0540 /* FirebaseInAppMessagingSwift-Beta */; };
		75DB48252946992D000F0540 /* FirebaseInstallations in Frameworks */ = {isa = PBXBuildFile; productRef = 75DB48242946992C000F0540 /* FirebaseInstallations */; };
		75DB48272946992D000F0540 /* FirebaseMLModelDownloader in Frameworks */ = {isa = PBXBuildFile; productRef = 75DB48262946992D000F0540 /* FirebaseMLModelDownloader */; };
		75DB48292946992D000F0540 /* FirebaseMessaging in Frameworks */ = {isa = PBXBuildFile; productRef = 75DB48282946992D000F0540 /* FirebaseMessaging */; };
		75DB482B2946992D000F0540 /* FirebasePerformance in Frameworks */ = {isa = PBXBuildFile; productRef = 75DB482A2946992D000F0540 /* FirebasePerformance */; };
		75DB482D2946992D000F0540 /* FirebaseRemoteConfig in Frameworks */ = {isa = PBXBuildFile; productRef = 75DB482C2946992D000F0540 /* FirebaseRemoteConfig */; };
		75DB482F2946992D000F0540 /* FirebaseRemoteConfigSwift in Frameworks */ = {isa = PBXBuildFile; productRef = 75DB482E2946992D000F0540 /* FirebaseRemoteConfigSwift */; };
		75DB48312946992D000F0540 /* FirebaseStorage in Frameworks */ = {isa = PBXBuildFile; productRef = 75DB48302946992D000F0540 /* FirebaseStorage */; };
		75DB48332946992D000F0540 /* FirebaseStorageCombine-Community in Frameworks */ = {isa = PBXBuildFile; productRef = 75DB48322946992D000F0540 /* FirebaseStorageCombine-Community */; };
		75DB483C2946A223000F0540 /* Login.swift in Sources */ = {isa = PBXBuildFile; fileRef = 75DB483B2946A223000F0540 /* Login.swift */; };
		75DB483E2946A250000F0540 /* firstScreen.swift in Sources */ = {isa = PBXBuildFile; fileRef = 75DB483D2946A250000F0540 /* firstScreen.swift */; };
		75DB48402946A28F000F0540 /* AccountInfo.swift in Sources */ = {isa = PBXBuildFile; fileRef = 75DB483F2946A28F000F0540 /* AccountInfo.swift */; };
		75DB48422946A2AB000F0540 /* PersonalData.swift in Sources */ = {isa = PBXBuildFile; fileRef = 75DB48412946A2AB000F0540 /* PersonalData.swift */; };
		75DB48462946A2E9000F0540 /* HomeView.swift in Sources */ = {isa = PBXBuildFile; fileRef = 75DB48452946A2E9000F0540 /* HomeView.swift */; };
		75DB48492946A313000F0540 /* CustomTextField.swift in Sources */ = {isa = PBXBuildFile; fileRef = 75DB48482946A313000F0540 /* CustomTextField.swift */; };
		75DB484B2946A33D000F0540 /* CustomSecureField.swift in Sources */ = {isa = PBXBuildFile; fileRef = 75DB484A2946A33D000F0540 /* CustomSecureField.swift */; };
/* End PBXBuildFile section */

/* Begin PBXContainerItemProxy section */
		75DB47E12946985B000F0540 /* PBXContainerItemProxy */ = {
			isa = PBXContainerItemProxy;
			containerPortal = 75DB47C829469859000F0540 /* Project object */;
			proxyType = 1;
			remoteGlobalIDString = 75DB47CF29469859000F0540;
			remoteInfo = iLiftNew;
		};
		75DB47EB2946985B000F0540 /* PBXContainerItemProxy */ = {
			isa = PBXContainerItemProxy;
			containerPortal = 75DB47C829469859000F0540 /* Project object */;
			proxyType = 1;
			remoteGlobalIDString = 75DB47CF29469859000F0540;
			remoteInfo = iLiftNew;
		};
/* End PBXContainerItemProxy section */

/* Begin PBXFileReference section */
		713C04D9294BBD5300A7E626 /* GoogleService-Info.plist */ = {isa = PBXFileReference; fileEncoding = 4; lastKnownFileType = text.plist.xml; name = "GoogleService-Info.plist"; path = "../../../../Downloads/GoogleService-Info.plist"; sourceTree = "<group>"; };
		713C04DD294BBF2100A7E626 /* WorkoutMaker.swift */ = {isa = PBXFileReference; lastKnownFileType = sourcecode.swift; path = WorkoutMaker.swift; sourceTree = "<group>"; };
		717D8993297F1598005CEAC8 /* Goals.swift */ = {isa = PBXFileReference; fileEncoding = 4; lastKnownFileType = sourcecode.swift; path = Goals.swift; sourceTree = "<group>"; };
		71877F9A297F24580084CF37 /* Settings.swift */ = {isa = PBXFileReference; lastKnownFileType = sourcecode.swift; path = Settings.swift; sourceTree = "<group>"; };
		71877F9C297F249C0084CF37 /* AddCoach.swift */ = {isa = PBXFileReference; lastKnownFileType = sourcecode.swift; path = AddCoach.swift; sourceTree = "<group>"; };
		71877F9E297F24D30084CF37 /* ForgotPasswordView.swift */ = {isa = PBXFileReference; lastKnownFileType = sourcecode.swift; path = ForgotPasswordView.swift; sourceTree = "<group>"; };
		71BBD511296E0B4B002F6A56 /* NutritionalDATA.swift */ = {isa = PBXFileReference; lastKnownFileType = sourcecode.swift; path = NutritionalDATA.swift; sourceTree = "<group>"; };
		71E3271029882BD700401596 /* FirebaseDocumentView.swift */ = {isa = PBXFileReference; lastKnownFileType = sourcecode.swift; path = FirebaseDocumentView.swift; sourceTree = "<group>"; };
		75DB47D029469859000F0540 /* iLiftNew.app */ = {isa = PBXFileReference; explicitFileType = wrapper.application; includeInIndex = 0; path = iLiftNew.app; sourceTree = BUILT_PRODUCTS_DIR; };
		75DB47D329469859000F0540 /* iLiftNewApp.swift */ = {isa = PBXFileReference; lastKnownFileType = sourcecode.swift; path = iLiftNewApp.swift; sourceTree = "<group>"; };
		75DB47D529469859000F0540 /* ContentView.swift */ = {isa = PBXFileReference; lastKnownFileType = sourcecode.swift; path = ContentView.swift; sourceTree = "<group>"; };
		75DB47D72946985B000F0540 /* Assets.xcassets */ = {isa = PBXFileReference; lastKnownFileType = folder.assetcatalog; path = Assets.xcassets; sourceTree = "<group>"; };
		75DB47DA2946985B000F0540 /* Preview Assets.xcassets */ = {isa = PBXFileReference; lastKnownFileType = folder.assetcatalog; path = "Preview Assets.xcassets"; sourceTree = "<group>"; };
		75DB47E02946985B000F0540 /* iLiftNewTests.xctest */ = {isa = PBXFileReference; explicitFileType = wrapper.cfbundle; includeInIndex = 0; path = iLiftNewTests.xctest; sourceTree = BUILT_PRODUCTS_DIR; };
		75DB47E42946985B000F0540 /* iLiftNewTests.swift */ = {isa = PBXFileReference; lastKnownFileType = sourcecode.swift; path = iLiftNewTests.swift; sourceTree = "<group>"; };
		75DB47EA2946985B000F0540 /* iLiftNewUITests.xctest */ = {isa = PBXFileReference; explicitFileType = wrapper.cfbundle; includeInIndex = 0; path = iLiftNewUITests.xctest; sourceTree = BUILT_PRODUCTS_DIR; };
		75DB47EE2946985B000F0540 /* iLiftNewUITests.swift */ = {isa = PBXFileReference; lastKnownFileType = sourcecode.swift; path = iLiftNewUITests.swift; sourceTree = "<group>"; };
		75DB47F02946985B000F0540 /* iLiftNewUITestsLaunchTests.swift */ = {isa = PBXFileReference; lastKnownFileType = sourcecode.swift; path = iLiftNewUITestsLaunchTests.swift; sourceTree = "<group>"; };
		75DB483B2946A223000F0540 /* Login.swift */ = {isa = PBXFileReference; lastKnownFileType = sourcecode.swift; path = Login.swift; sourceTree = "<group>"; };
		75DB483D2946A250000F0540 /* firstScreen.swift */ = {isa = PBXFileReference; lastKnownFileType = sourcecode.swift; path = firstScreen.swift; sourceTree = "<group>"; };
		75DB483F2946A28F000F0540 /* AccountInfo.swift */ = {isa = PBXFileReference; lastKnownFileType = sourcecode.swift; path = AccountInfo.swift; sourceTree = "<group>"; };
		75DB48412946A2AB000F0540 /* PersonalData.swift */ = {isa = PBXFileReference; lastKnownFileType = sourcecode.swift; path = PersonalData.swift; sourceTree = "<group>"; };
		75DB48452946A2E9000F0540 /* HomeView.swift */ = {isa = PBXFileReference; lastKnownFileType = sourcecode.swift; path = HomeView.swift; sourceTree = "<group>"; };
		75DB48482946A313000F0540 /* CustomTextField.swift */ = {isa = PBXFileReference; lastKnownFileType = sourcecode.swift; path = CustomTextField.swift; sourceTree = "<group>"; };
		75DB484A2946A33D000F0540 /* CustomSecureField.swift */ = {isa = PBXFileReference; lastKnownFileType = sourcecode.swift; path = CustomSecureField.swift; sourceTree = "<group>"; };
/* End PBXFileReference section */

/* Begin PBXFrameworksBuildPhase section */
		75DB47CD29469859000F0540 /* Frameworks */ = {
			isa = PBXFrameworksBuildPhase;
			buildActionMask = 2147483647;
			files = (
				75DB48112946992C000F0540 /* FirebaseDatabase in Frameworks */,
				75DB481F2946992C000F0540 /* FirebaseFunctionsCombine-Community in Frameworks */,
				75DB48172946992C000F0540 /* FirebaseFirestore in Frameworks */,
				75DB48032946992C000F0540 /* FirebaseAnalyticsSwift in Frameworks */,
				75DB47FF2946992C000F0540 /* FirebaseAnalytics in Frameworks */,
				75DB48012946992C000F0540 /* FirebaseAnalyticsOnDeviceConversion in Frameworks */,
				75DB48272946992D000F0540 /* FirebaseMLModelDownloader in Frameworks */,
				75DB481B2946992C000F0540 /* FirebaseFirestoreSwift in Frameworks */,
				75DB48072946992C000F0540 /* FirebaseAppCheck in Frameworks */,
				75DB48052946992C000F0540 /* FirebaseAnalyticsWithoutAdIdSupport in Frameworks */,
				75DB480B2946992C000F0540 /* FirebaseAuth in Frameworks */,
				75DB480F2946992C000F0540 /* FirebaseCrashlytics in Frameworks */,
				75DB482F2946992D000F0540 /* FirebaseRemoteConfigSwift in Frameworks */,
				75DB48212946992C000F0540 /* FirebaseInAppMessaging-Beta in Frameworks */,
				75DB48132946992C000F0540 /* FirebaseDatabaseSwift in Frameworks */,
				75DB481D2946992C000F0540 /* FirebaseFunctions in Frameworks */,
				75DB48332946992D000F0540 /* FirebaseStorageCombine-Community in Frameworks */,
				75DB482D2946992D000F0540 /* FirebaseRemoteConfig in Frameworks */,
				75DB48092946992C000F0540 /* FirebaseAppDistribution-Beta in Frameworks */,
				75DB480D2946992C000F0540 /* FirebaseAuthCombine-Community in Frameworks */,
				75DB482B2946992D000F0540 /* FirebasePerformance in Frameworks */,
				75DB48232946992C000F0540 /* FirebaseInAppMessagingSwift-Beta in Frameworks */,
				75DB48312946992D000F0540 /* FirebaseStorage in Frameworks */,
				75DB48152946992C000F0540 /* FirebaseDynamicLinks in Frameworks */,
				75DB48192946992C000F0540 /* FirebaseFirestoreCombine-Community in Frameworks */,
				75DB48292946992D000F0540 /* FirebaseMessaging in Frameworks */,
				75DB48252946992D000F0540 /* FirebaseInstallations in Frameworks */,
			);
			runOnlyForDeploymentPostprocessing = 0;
		};
		75DB47DD2946985B000F0540 /* Frameworks */ = {
			isa = PBXFrameworksBuildPhase;
			buildActionMask = 2147483647;
			files = (
			);
			runOnlyForDeploymentPostprocessing = 0;
		};
		75DB47E72946985B000F0540 /* Frameworks */ = {
			isa = PBXFrameworksBuildPhase;
			buildActionMask = 2147483647;
			files = (
			);
			runOnlyForDeploymentPostprocessing = 0;
		};
/* End PBXFrameworksBuildPhase section */

/* Begin PBXGroup section */
		75DB47C729469859000F0540 = {
			isa = PBXGroup;
			children = (
				75DB47D229469859000F0540 /* iLiftNew */,
				75DB47E32946985B000F0540 /* iLiftNewTests */,
				75DB47ED2946985B000F0540 /* iLiftNewUITests */,
				75DB47D129469859000F0540 /* Products */,
			);
			sourceTree = "<group>";
		};
		75DB47D129469859000F0540 /* Products */ = {
			isa = PBXGroup;
			children = (
				75DB47D029469859000F0540 /* iLiftNew.app */,
				75DB47E02946985B000F0540 /* iLiftNewTests.xctest */,
				75DB47EA2946985B000F0540 /* iLiftNewUITests.xctest */,
			);
			name = Products;
			sourceTree = "<group>";
		};
		75DB47D229469859000F0540 /* iLiftNew */ = {
			isa = PBXGroup;
			children = (
				75DB483A2946A1FE000F0540 /* Screens */,
				713C04D9294BBD5300A7E626 /* GoogleService-Info.plist */,
				75DB47D329469859000F0540 /* iLiftNewApp.swift */,
				75DB47D529469859000F0540 /* ContentView.swift */,
				75DB47D72946985B000F0540 /* Assets.xcassets */,
				75DB47D92946985B000F0540 /* Preview Content */,
			);
			path = iLiftNew;
			sourceTree = "<group>";
		};
		75DB47D92946985B000F0540 /* Preview Content */ = {
			isa = PBXGroup;
			children = (
				75DB47DA2946985B000F0540 /* Preview Assets.xcassets */,
			);
			path = "Preview Content";
			sourceTree = "<group>";
		};
		75DB47E32946985B000F0540 /* iLiftNewTests */ = {
			isa = PBXGroup;
			children = (
				75DB47E42946985B000F0540 /* iLiftNewTests.swift */,
			);
			path = iLiftNewTests;
			sourceTree = "<group>";
		};
		75DB47ED2946985B000F0540 /* iLiftNewUITests */ = {
			isa = PBXGroup;
			children = (
				75DB47EE2946985B000F0540 /* iLiftNewUITests.swift */,
				75DB47F02946985B000F0540 /* iLiftNewUITestsLaunchTests.swift */,
			);
			path = iLiftNewUITests;
			sourceTree = "<group>";
		};
		75DB483A2946A1FE000F0540 /* Screens */ = {
			isa = PBXGroup;
			children = (
				75DB48472946A2F8000F0540 /* TextFields */,
				75DB483B2946A223000F0540 /* Login.swift */,
				71877F9C297F249C0084CF37 /* AddCoach.swift */,
				71877F9E297F24D30084CF37 /* ForgotPasswordView.swift */,
				71877F9A297F24580084CF37 /* Settings.swift */,
				75DB483D2946A250000F0540 /* firstScreen.swift */,
				75DB483F2946A28F000F0540 /* AccountInfo.swift */,
				75DB48412946A2AB000F0540 /* PersonalData.swift */,
				717D8993297F1598005CEAC8 /* Goals.swift */,
				71BBD511296E0B4B002F6A56 /* NutritionalDATA.swift */,
				75DB48452946A2E9000F0540 /* HomeView.swift */,
				71E3271029882BD700401596 /* FirebaseDocumentView.swift */,
				713C04DD294BBF2100A7E626 /* WorkoutMaker.swift */,
			);
			path = Screens;
			sourceTree = "<group>";
		};
		75DB48472946A2F8000F0540 /* TextFields */ = {
			isa = PBXGroup;
			children = (
				75DB48482946A313000F0540 /* CustomTextField.swift */,
				75DB484A2946A33D000F0540 /* CustomSecureField.swift */,
			);
			path = TextFields;
			sourceTree = "<group>";
		};
/* End PBXGroup section */

/* Begin PBXNativeTarget section */
		75DB47CF29469859000F0540 /* iLiftNew */ = {
			isa = PBXNativeTarget;
			buildConfigurationList = 75DB47F42946985B000F0540 /* Build configuration list for PBXNativeTarget "iLiftNew" */;
			buildPhases = (
				75DB47CC29469859000F0540 /* Sources */,
				75DB47CD29469859000F0540 /* Frameworks */,
				75DB47CE29469859000F0540 /* Resources */,
			);
			buildRules = (
			);
			dependencies = (
			);
			name = iLiftNew;
			packageProductDependencies = (
				75DB47FE2946992C000F0540 /* FirebaseAnalytics */,
				75DB48002946992C000F0540 /* FirebaseAnalyticsOnDeviceConversion */,
				75DB48022946992C000F0540 /* FirebaseAnalyticsSwift */,
				75DB48042946992C000F0540 /* FirebaseAnalyticsWithoutAdIdSupport */,
				75DB48062946992C000F0540 /* FirebaseAppCheck */,
				75DB48082946992C000F0540 /* FirebaseAppDistribution-Beta */,
				75DB480A2946992C000F0540 /* FirebaseAuth */,
				75DB480C2946992C000F0540 /* FirebaseAuthCombine-Community */,
				75DB480E2946992C000F0540 /* FirebaseCrashlytics */,
				75DB48102946992C000F0540 /* FirebaseDatabase */,
				75DB48122946992C000F0540 /* FirebaseDatabaseSwift */,
				75DB48142946992C000F0540 /* FirebaseDynamicLinks */,
				75DB48162946992C000F0540 /* FirebaseFirestore */,
				75DB48182946992C000F0540 /* FirebaseFirestoreCombine-Community */,
				75DB481A2946992C000F0540 /* FirebaseFirestoreSwift */,
				75DB481C2946992C000F0540 /* FirebaseFunctions */,
				75DB481E2946992C000F0540 /* FirebaseFunctionsCombine-Community */,
				75DB48202946992C000F0540 /* FirebaseInAppMessaging-Beta */,
				75DB48222946992C000F0540 /* FirebaseInAppMessagingSwift-Beta */,
				75DB48242946992C000F0540 /* FirebaseInstallations */,
				75DB48262946992D000F0540 /* FirebaseMLModelDownloader */,
				75DB48282946992D000F0540 /* FirebaseMessaging */,
				75DB482A2946992D000F0540 /* FirebasePerformance */,
				75DB482C2946992D000F0540 /* FirebaseRemoteConfig */,
				75DB482E2946992D000F0540 /* FirebaseRemoteConfigSwift */,
				75DB48302946992D000F0540 /* FirebaseStorage */,
				75DB48322946992D000F0540 /* FirebaseStorageCombine-Community */,
			);
			productName = iLiftNew;
			productReference = 75DB47D029469859000F0540 /* iLiftNew.app */;
			productType = "com.apple.product-type.application";
		};
		75DB47DF2946985B000F0540 /* iLiftNewTests */ = {
			isa = PBXNativeTarget;
			buildConfigurationList = 75DB47F72946985B000F0540 /* Build configuration list for PBXNativeTarget "iLiftNewTests" */;
			buildPhases = (
				75DB47DC2946985B000F0540 /* Sources */,
				75DB47DD2946985B000F0540 /* Frameworks */,
				75DB47DE2946985B000F0540 /* Resources */,
			);
			buildRules = (
			);
			dependencies = (
				75DB47E22946985B000F0540 /* PBXTargetDependency */,
			);
			name = iLiftNewTests;
			productName = iLiftNewTests;
			productReference = 75DB47E02946985B000F0540 /* iLiftNewTests.xctest */;
			productType = "com.apple.product-type.bundle.unit-test";
		};
		75DB47E92946985B000F0540 /* iLiftNewUITests */ = {
			isa = PBXNativeTarget;
			buildConfigurationList = 75DB47FA2946985B000F0540 /* Build configuration list for PBXNativeTarget "iLiftNewUITests" */;
			buildPhases = (
				75DB47E62946985B000F0540 /* Sources */,
				75DB47E72946985B000F0540 /* Frameworks */,
				75DB47E82946985B000F0540 /* Resources */,
			);
			buildRules = (
			);
			dependencies = (
				75DB47EC2946985B000F0540 /* PBXTargetDependency */,
			);
			name = iLiftNewUITests;
			productName = iLiftNewUITests;
			productReference = 75DB47EA2946985B000F0540 /* iLiftNewUITests.xctest */;
			productType = "com.apple.product-type.bundle.ui-testing";
		};
/* End PBXNativeTarget section */

/* Begin PBXProject section */
		75DB47C829469859000F0540 /* Project object */ = {
			isa = PBXProject;
			attributes = {
				BuildIndependentTargetsInParallel = 1;
				LastSwiftUpdateCheck = 1410;
				LastUpgradeCheck = 1410;
				TargetAttributes = {
					75DB47CF29469859000F0540 = {
						CreatedOnToolsVersion = 14.1;
					};
					75DB47DF2946985B000F0540 = {
						CreatedOnToolsVersion = 14.1;
						TestTargetID = 75DB47CF29469859000F0540;
					};
					75DB47E92946985B000F0540 = {
						CreatedOnToolsVersion = 14.1;
						TestTargetID = 75DB47CF29469859000F0540;
					};
				};
			};
			buildConfigurationList = 75DB47CB29469859000F0540 /* Build configuration list for PBXProject "iLiftNew" */;
			compatibilityVersion = "Xcode 14.0";
			developmentRegion = en;
			hasScannedForEncodings = 0;
			knownRegions = (
				en,
				Base,
			);
			mainGroup = 75DB47C729469859000F0540;
			packageReferences = (
				75DB47FD2946992C000F0540 /* XCRemoteSwiftPackageReference "firebase-ios-sdk" */,
			);
			productRefGroup = 75DB47D129469859000F0540 /* Products */;
			projectDirPath = "";
			projectRoot = "";
			targets = (
				75DB47CF29469859000F0540 /* iLiftNew */,
				75DB47DF2946985B000F0540 /* iLiftNewTests */,
				75DB47E92946985B000F0540 /* iLiftNewUITests */,
			);
		};
/* End PBXProject section */

/* Begin PBXResourcesBuildPhase section */
		75DB47CE29469859000F0540 /* Resources */ = {
			isa = PBXResourcesBuildPhase;
			buildActionMask = 2147483647;
			files = (
				75DB47DB2946985B000F0540 /* Preview Assets.xcassets in Resources */,
				713C04DA294BBD5300A7E626 /* GoogleService-Info.plist in Resources */,
				75DB47D82946985B000F0540 /* Assets.xcassets in Resources */,
			);
			runOnlyForDeploymentPostprocessing = 0;
		};
		75DB47DE2946985B000F0540 /* Resources */ = {
			isa = PBXResourcesBuildPhase;
			buildActionMask = 2147483647;
			files = (
				713C04DB294BBD5300A7E626 /* GoogleService-Info.plist in Resources */,
			);
			runOnlyForDeploymentPostprocessing = 0;
		};
		75DB47E82946985B000F0540 /* Resources */ = {
			isa = PBXResourcesBuildPhase;
			buildActionMask = 2147483647;
			files = (
				713C04DC294BBD5300A7E626 /* GoogleService-Info.plist in Resources */,
			);
			runOnlyForDeploymentPostprocessing = 0;
		};
/* End PBXResourcesBuildPhase section */

/* Begin PBXSourcesBuildPhase section */
		75DB47CC29469859000F0540 /* Sources */ = {
			isa = PBXSourcesBuildPhase;
			buildActionMask = 2147483647;
			files = (
				71877F9D297F249C0084CF37 /* AddCoach.swift in Sources */,
				75DB483E2946A250000F0540 /* firstScreen.swift in Sources */,
				75DB484B2946A33D000F0540 /* CustomSecureField.swift in Sources */,
				71877F9B297F24580084CF37 /* Settings.swift in Sources */,
				75DB483C2946A223000F0540 /* Login.swift in Sources */,
				75DB48402946A28F000F0540 /* AccountInfo.swift in Sources */,
				75DB47D629469859000F0540 /* ContentView.swift in Sources */,
				75DB47D429469859000F0540 /* iLiftNewApp.swift in Sources */,
				75DB48422946A2AB000F0540 /* PersonalData.swift in Sources */,
				75DB48462946A2E9000F0540 /* HomeView.swift in Sources */,
				717D8994297F1598005CEAC8 /* Goals.swift in Sources */,
				71E3271129882BD700401596 /* FirebaseDocumentView.swift in Sources */,
				75DB48492946A313000F0540 /* CustomTextField.swift in Sources */,
				713C04DE294BBF2100A7E626 /* WorkoutMaker.swift in Sources */,
				71877F9F297F24D30084CF37 /* ForgotPasswordView.swift in Sources */,
				71BBD512296E0B4B002F6A56 /* NutritionalDATA.swift in Sources */,
			);
			runOnlyForDeploymentPostprocessing = 0;
		};
		75DB47DC2946985B000F0540 /* Sources */ = {
			isa = PBXSourcesBuildPhase;
			buildActionMask = 2147483647;
			files = (
				75DB47E52946985B000F0540 /* iLiftNewTests.swift in Sources */,
				713C04DF294BBF2100A7E626 /* WorkoutMaker.swift in Sources */,
			);
			runOnlyForDeploymentPostprocessing = 0;
		};
		75DB47E62946985B000F0540 /* Sources */ = {
			isa = PBXSourcesBuildPhase;
			buildActionMask = 2147483647;
			files = (
				713C04E0294BBF2100A7E626 /* WorkoutMaker.swift in Sources */,
				75DB47F12946985B000F0540 /* iLiftNewUITestsLaunchTests.swift in Sources */,
				75DB47EF2946985B000F0540 /* iLiftNewUITests.swift in Sources */,
			);
			runOnlyForDeploymentPostprocessing = 0;
		};
/* End PBXSourcesBuildPhase section */

/* Begin PBXTargetDependency section */
		75DB47E22946985B000F0540 /* PBXTargetDependency */ = {
			isa = PBXTargetDependency;
			target = 75DB47CF29469859000F0540 /* iLiftNew */;
			targetProxy = 75DB47E12946985B000F0540 /* PBXContainerItemProxy */;
		};
		75DB47EC2946985B000F0540 /* PBXTargetDependency */ = {
			isa = PBXTargetDependency;
			target = 75DB47CF29469859000F0540 /* iLiftNew */;
			targetProxy = 75DB47EB2946985B000F0540 /* PBXContainerItemProxy */;
		};
/* End PBXTargetDependency section */

/* Begin XCBuildConfiguration section */
		75DB47F22946985B000F0540 /* Debug */ = {
			isa = XCBuildConfiguration;
			buildSettings = {
				ALWAYS_SEARCH_USER_PATHS = NO;
				CLANG_ANALYZER_NONNULL = YES;
				CLANG_ANALYZER_NUMBER_OBJECT_CONVERSION = YES_AGGRESSIVE;
				CLANG_CXX_LANGUAGE_STANDARD = "gnu++20";
				CLANG_ENABLE_MODULES = YES;
				CLANG_ENABLE_OBJC_ARC = YES;
				CLANG_ENABLE_OBJC_WEAK = YES;
				CLANG_WARN_BLOCK_CAPTURE_AUTORELEASING = YES;
				CLANG_WARN_BOOL_CONVERSION = YES;
				CLANG_WARN_COMMA = YES;
				CLANG_WARN_CONSTANT_CONVERSION = YES;
				CLANG_WARN_DEPRECATED_OBJC_IMPLEMENTATIONS = YES;
				CLANG_WARN_DIRECT_OBJC_ISA_USAGE = YES_ERROR;
				CLANG_WARN_DOCUMENTATION_COMMENTS = YES;
				CLANG_WARN_EMPTY_BODY = YES;
				CLANG_WARN_ENUM_CONVERSION = YES;
				CLANG_WARN_INFINITE_RECURSION = YES;
				CLANG_WARN_INT_CONVERSION = YES;
				CLANG_WARN_NON_LITERAL_NULL_CONVERSION = YES;
				CLANG_WARN_OBJC_IMPLICIT_RETAIN_SELF = YES;
				CLANG_WARN_OBJC_LITERAL_CONVERSION = YES;
				CLANG_WARN_OBJC_ROOT_CLASS = YES_ERROR;
				CLANG_WARN_QUOTED_INCLUDE_IN_FRAMEWORK_HEADER = YES;
				CLANG_WARN_RANGE_LOOP_ANALYSIS = YES;
				CLANG_WARN_STRICT_PROTOTYPES = YES;
				CLANG_WARN_SUSPICIOUS_MOVE = YES;
				CLANG_WARN_UNGUARDED_AVAILABILITY = YES_AGGRESSIVE;
				CLANG_WARN_UNREACHABLE_CODE = YES;
				CLANG_WARN__DUPLICATE_METHOD_MATCH = YES;
				COPY_PHASE_STRIP = NO;
				DEBUG_INFORMATION_FORMAT = dwarf;
				ENABLE_STRICT_OBJC_MSGSEND = YES;
				ENABLE_TESTABILITY = YES;
				GCC_C_LANGUAGE_STANDARD = gnu11;
				GCC_DYNAMIC_NO_PIC = NO;
				GCC_NO_COMMON_BLOCKS = YES;
				GCC_OPTIMIZATION_LEVEL = 0;
				GCC_PREPROCESSOR_DEFINITIONS = (
					"DEBUG=1",
					"$(inherited)",
				);
				GCC_WARN_64_TO_32_BIT_CONVERSION = YES;
				GCC_WARN_ABOUT_RETURN_TYPE = YES_ERROR;
				GCC_WARN_UNDECLARED_SELECTOR = YES;
				GCC_WARN_UNINITIALIZED_AUTOS = YES_AGGRESSIVE;
				GCC_WARN_UNUSED_FUNCTION = YES;
				GCC_WARN_UNUSED_VARIABLE = YES;
				IPHONEOS_DEPLOYMENT_TARGET = 16.1;
				MTL_ENABLE_DEBUG_INFO = INCLUDE_SOURCE;
				MTL_FAST_MATH = YES;
				ONLY_ACTIVE_ARCH = YES;
				SDKROOT = iphoneos;
				SWIFT_ACTIVE_COMPILATION_CONDITIONS = DEBUG;
				SWIFT_OPTIMIZATION_LEVEL = "-Onone";
			};
			name = Debug;
		};
		75DB47F32946985B000F0540 /* Release */ = {
			isa = XCBuildConfiguration;
			buildSettings = {
				ALWAYS_SEARCH_USER_PATHS = NO;
				CLANG_ANALYZER_NONNULL = YES;
				CLANG_ANALYZER_NUMBER_OBJECT_CONVERSION = YES_AGGRESSIVE;
				CLANG_CXX_LANGUAGE_STANDARD = "gnu++20";
				CLANG_ENABLE_MODULES = YES;
				CLANG_ENABLE_OBJC_ARC = YES;
				CLANG_ENABLE_OBJC_WEAK = YES;
				CLANG_WARN_BLOCK_CAPTURE_AUTORELEASING = YES;
				CLANG_WARN_BOOL_CONVERSION = YES;
				CLANG_WARN_COMMA = YES;
				CLANG_WARN_CONSTANT_CONVERSION = YES;
				CLANG_WARN_DEPRECATED_OBJC_IMPLEMENTATIONS = YES;
				CLANG_WARN_DIRECT_OBJC_ISA_USAGE = YES_ERROR;
				CLANG_WARN_DOCUMENTATION_COMMENTS = YES;
				CLANG_WARN_EMPTY_BODY = YES;
				CLANG_WARN_ENUM_CONVERSION = YES;
				CLANG_WARN_INFINITE_RECURSION = YES;
				CLANG_WARN_INT_CONVERSION = YES;
				CLANG_WARN_NON_LITERAL_NULL_CONVERSION = YES;
				CLANG_WARN_OBJC_IMPLICIT_RETAIN_SELF = YES;
				CLANG_WARN_OBJC_LITERAL_CONVERSION = YES;
				CLANG_WARN_OBJC_ROOT_CLASS = YES_ERROR;
				CLANG_WARN_QUOTED_INCLUDE_IN_FRAMEWORK_HEADER = YES;
				CLANG_WARN_RANGE_LOOP_ANALYSIS = YES;
				CLANG_WARN_STRICT_PROTOTYPES = YES;
				CLANG_WARN_SUSPICIOUS_MOVE = YES;
				CLANG_WARN_UNGUARDED_AVAILABILITY = YES_AGGRESSIVE;
				CLANG_WARN_UNREACHABLE_CODE = YES;
				CLANG_WARN__DUPLICATE_METHOD_MATCH = YES;
				COPY_PHASE_STRIP = NO;
				DEBUG_INFORMATION_FORMAT = "dwarf-with-dsym";
				ENABLE_NS_ASSERTIONS = NO;
				ENABLE_STRICT_OBJC_MSGSEND = YES;
				GCC_C_LANGUAGE_STANDARD = gnu11;
				GCC_NO_COMMON_BLOCKS = YES;
				GCC_WARN_64_TO_32_BIT_CONVERSION = YES;
				GCC_WARN_ABOUT_RETURN_TYPE = YES_ERROR;
				GCC_WARN_UNDECLARED_SELECTOR = YES;
				GCC_WARN_UNINITIALIZED_AUTOS = YES_AGGRESSIVE;
				GCC_WARN_UNUSED_FUNCTION = YES;
				GCC_WARN_UNUSED_VARIABLE = YES;
				IPHONEOS_DEPLOYMENT_TARGET = 16.1;
				MTL_ENABLE_DEBUG_INFO = NO;
				MTL_FAST_MATH = YES;
				SDKROOT = iphoneos;
				SWIFT_COMPILATION_MODE = wholemodule;
				SWIFT_OPTIMIZATION_LEVEL = "-O";
				VALIDATE_PRODUCT = YES;
			};
			name = Release;
		};
		75DB47F52946985B000F0540 /* Debug */ = {
			isa = XCBuildConfiguration;
			buildSettings = {
				ASSETCATALOG_COMPILER_APPICON_NAME = AppIcon;
				ASSETCATALOG_COMPILER_GLOBAL_ACCENT_COLOR_NAME = AccentColor;
				CODE_SIGN_STYLE = Automatic;
				CURRENT_PROJECT_VERSION = 1;
				DEBUG_INFORMATION_FORMAT = "dwarf-with-dsym";
				DEVELOPMENT_ASSET_PATHS = "\"iLiftNew/Preview Content\"";
				DEVELOPMENT_TEAM = FLCRS78AT4;
				ENABLE_PREVIEWS = YES;
				GENERATE_INFOPLIST_FILE = YES;
				INFOPLIST_KEY_UIApplicationSceneManifest_Generation = YES;
				INFOPLIST_KEY_UIApplicationSupportsIndirectInputEvents = YES;
				INFOPLIST_KEY_UILaunchScreen_Generation = YES;
				INFOPLIST_KEY_UISupportedInterfaceOrientations_iPad = "UIInterfaceOrientationPortrait UIInterfaceOrientationPortraitUpsideDown UIInterfaceOrientationLandscapeLeft UIInterfaceOrientationLandscapeRight";
				INFOPLIST_KEY_UISupportedInterfaceOrientations_iPhone = "UIInterfaceOrientationPortrait UIInterfaceOrientationLandscapeLeft UIInterfaceOrientationLandscapeRight";
				LD_RUNPATH_SEARCH_PATHS = (
					"$(inherited)",
					"@executable_path/Frameworks",
				);
				MARKETING_VERSION = 1.0;
				PRODUCT_BUNDLE_IDENTIFIER = me.KotechaArmaan.iLiftNew;
				PRODUCT_NAME = "$(TARGET_NAME)";
				SWIFT_EMIT_LOC_STRINGS = YES;
				SWIFT_VERSION = 5.0;
				TARGETED_DEVICE_FAMILY = "1,2";
			};
			name = Debug;
		};
		75DB47F62946985B000F0540 /* Release */ = {
			isa = XCBuildConfiguration;
			buildSettings = {
				ASSETCATALOG_COMPILER_APPICON_NAME = AppIcon;
				ASSETCATALOG_COMPILER_GLOBAL_ACCENT_COLOR_NAME = AccentColor;
				CODE_SIGN_STYLE = Automatic;
				CURRENT_PROJECT_VERSION = 1;
				DEVELOPMENT_ASSET_PATHS = "\"iLiftNew/Preview Content\"";
				DEVELOPMENT_TEAM = FLCRS78AT4;
				ENABLE_PREVIEWS = YES;
				GENERATE_INFOPLIST_FILE = YES;
				INFOPLIST_KEY_UIApplicationSceneManifest_Generation = YES;
				INFOPLIST_KEY_UIApplicationSupportsIndirectInputEvents = YES;
				INFOPLIST_KEY_UILaunchScreen_Generation = YES;
				INFOPLIST_KEY_UISupportedInterfaceOrientations_iPad = "UIInterfaceOrientationPortrait UIInterfaceOrientationPortraitUpsideDown UIInterfaceOrientationLandscapeLeft UIInterfaceOrientationLandscapeRight";
				INFOPLIST_KEY_UISupportedInterfaceOrientations_iPhone = "UIInterfaceOrientationPortrait UIInterfaceOrientationLandscapeLeft UIInterfaceOrientationLandscapeRight";
				LD_RUNPATH_SEARCH_PATHS = (
					"$(inherited)",
					"@executable_path/Frameworks",
				);
				MARKETING_VERSION = 1.0;
				PRODUCT_BUNDLE_IDENTIFIER = me.KotechaArmaan.iLiftNew;
				PRODUCT_NAME = "$(TARGET_NAME)";
				SWIFT_EMIT_LOC_STRINGS = YES;
				SWIFT_VERSION = 5.0;
				TARGETED_DEVICE_FAMILY = "1,2";
			};
			name = Release;
		};
		75DB47F82946985B000F0540 /* Debug */ = {
			isa = XCBuildConfiguration;
			buildSettings = {
				ALWAYS_EMBED_SWIFT_STANDARD_LIBRARIES = YES;
				BUNDLE_LOADER = "$(TEST_HOST)";
				CODE_SIGN_STYLE = Automatic;
				CURRENT_PROJECT_VERSION = 1;
				DEVELOPMENT_TEAM = FLCRS78AT4;
				GENERATE_INFOPLIST_FILE = YES;
				IPHONEOS_DEPLOYMENT_TARGET = 16.1;
				MARKETING_VERSION = 1.0;
				PRODUCT_BUNDLE_IDENTIFIER = me.KotechaArmaan.iLiftNewTests;
				PRODUCT_NAME = "$(TARGET_NAME)";
				SWIFT_EMIT_LOC_STRINGS = NO;
				SWIFT_VERSION = 5.0;
				TARGETED_DEVICE_FAMILY = "1,2";
				TEST_HOST = "$(BUILT_PRODUCTS_DIR)/iLiftNew.app/$(BUNDLE_EXECUTABLE_FOLDER_PATH)/iLiftNew";
			};
			name = Debug;
		};
		75DB47F92946985B000F0540 /* Release */ = {
			isa = XCBuildConfiguration;
			buildSettings = {
				ALWAYS_EMBED_SWIFT_STANDARD_LIBRARIES = YES;
				BUNDLE_LOADER = "$(TEST_HOST)";
				CODE_SIGN_STYLE = Automatic;
				CURRENT_PROJECT_VERSION = 1;
				DEVELOPMENT_TEAM = FLCRS78AT4;
				GENERATE_INFOPLIST_FILE = YES;
				IPHONEOS_DEPLOYMENT_TARGET = 16.1;
				MARKETING_VERSION = 1.0;
				PRODUCT_BUNDLE_IDENTIFIER = me.KotechaArmaan.iLiftNewTests;
				PRODUCT_NAME = "$(TARGET_NAME)";
				SWIFT_EMIT_LOC_STRINGS = NO;
				SWIFT_VERSION = 5.0;
				TARGETED_DEVICE_FAMILY = "1,2";
				TEST_HOST = "$(BUILT_PRODUCTS_DIR)/iLiftNew.app/$(BUNDLE_EXECUTABLE_FOLDER_PATH)/iLiftNew";
			};
			name = Release;
		};
		75DB47FB2946985B000F0540 /* Debug */ = {
			isa = XCBuildConfiguration;
			buildSettings = {
				ALWAYS_EMBED_SWIFT_STANDARD_LIBRARIES = YES;
				CODE_SIGN_STYLE = Automatic;
				CURRENT_PROJECT_VERSION = 1;
				DEVELOPMENT_TEAM = FLCRS78AT4;
				GENERATE_INFOPLIST_FILE = YES;
				MARKETING_VERSION = 1.0;
				PRODUCT_BUNDLE_IDENTIFIER = me.KotechaArmaan.iLiftNewUITests;
				PRODUCT_NAME = "$(TARGET_NAME)";
				SWIFT_EMIT_LOC_STRINGS = NO;
				SWIFT_VERSION = 5.0;
				TARGETED_DEVICE_FAMILY = "1,2";
				TEST_TARGET_NAME = iLiftNew;
			};
			name = Debug;
		};
		75DB47FC2946985B000F0540 /* Release */ = {
			isa = XCBuildConfiguration;
			buildSettings = {
				ALWAYS_EMBED_SWIFT_STANDARD_LIBRARIES = YES;
				CODE_SIGN_STYLE = Automatic;
				CURRENT_PROJECT_VERSION = 1;
				DEVELOPMENT_TEAM = FLCRS78AT4;
				GENERATE_INFOPLIST_FILE = YES;
				MARKETING_VERSION = 1.0;
				PRODUCT_BUNDLE_IDENTIFIER = me.KotechaArmaan.iLiftNewUITests;
				PRODUCT_NAME = "$(TARGET_NAME)";
				SWIFT_EMIT_LOC_STRINGS = NO;
				SWIFT_VERSION = 5.0;
				TARGETED_DEVICE_FAMILY = "1,2";
				TEST_TARGET_NAME = iLiftNew;
			};
			name = Release;
		};
/* End XCBuildConfiguration section */

/* Begin XCConfigurationList section */
		75DB47CB29469859000F0540 /* Build configuration list for PBXProject "iLiftNew" */ = {
			isa = XCConfigurationList;
			buildConfigurations = (
				75DB47F22946985B000F0540 /* Debug */,
				75DB47F32946985B000F0540 /* Release */,
			);
			defaultConfigurationIsVisible = 0;
			defaultConfigurationName = Release;
		};
		75DB47F42946985B000F0540 /* Build configuration list for PBXNativeTarget "iLiftNew" */ = {
			isa = XCConfigurationList;
			buildConfigurations = (
				75DB47F52946985B000F0540 /* Debug */,
				75DB47F62946985B000F0540 /* Release */,
			);
			defaultConfigurationIsVisible = 0;
			defaultConfigurationName = Release;
		};
		75DB47F72946985B000F0540 /* Build configuration list for PBXNativeTarget "iLiftNewTests" */ = {
			isa = XCConfigurationList;
			buildConfigurations = (
				75DB47F82946985B000F0540 /* Debug */,
				75DB47F92946985B000F0540 /* Release */,
			);
			defaultConfigurationIsVisible = 0;
			defaultConfigurationName = Release;
		};
		75DB47FA2946985B000F0540 /* Build configuration list for PBXNativeTarget "iLiftNewUITests" */ = {
			isa = XCConfigurationList;
			buildConfigurations = (
				75DB47FB2946985B000F0540 /* Debug */,
				75DB47FC2946985B000F0540 /* Release */,
			);
			defaultConfigurationIsVisible = 0;
			defaultConfigurationName = Release;
		};
/* End XCConfigurationList section */

/* Begin XCRemoteSwiftPackageReference section */
		75DB47FD2946992C000F0540 /* XCRemoteSwiftPackageReference "firebase-ios-sdk" */ = {
			isa = XCRemoteSwiftPackageReference;
			repositoryURL = "https://github.com/firebase/firebase-ios-sdk.git";
			requirement = {
				branch = master;
				kind = branch;
			};
		};
/* End XCRemoteSwiftPackageReference section */

/* Begin XCSwiftPackageProductDependency section */
		75DB47FE2946992C000F0540 /* FirebaseAnalytics */ = {
			isa = XCSwiftPackageProductDependency;
			package = 75DB47FD2946992C000F0540 /* XCRemoteSwiftPackageReference "firebase-ios-sdk" */;
			productName = FirebaseAnalytics;
		};
		75DB48002946992C000F0540 /* FirebaseAnalyticsOnDeviceConversion */ = {
			isa = XCSwiftPackageProductDependency;
			package = 75DB47FD2946992C000F0540 /* XCRemoteSwiftPackageReference "firebase-ios-sdk" */;
			productName = FirebaseAnalyticsOnDeviceConversion;
		};
		75DB48022946992C000F0540 /* FirebaseAnalyticsSwift */ = {
			isa = XCSwiftPackageProductDependency;
			package = 75DB47FD2946992C000F0540 /* XCRemoteSwiftPackageReference "firebase-ios-sdk" */;
			productName = FirebaseAnalyticsSwift;
		};
		75DB48042946992C000F0540 /* FirebaseAnalyticsWithoutAdIdSupport */ = {
			isa = XCSwiftPackageProductDependency;
			package = 75DB47FD2946992C000F0540 /* XCRemoteSwiftPackageReference "firebase-ios-sdk" */;
			productName = FirebaseAnalyticsWithoutAdIdSupport;
		};
		75DB48062946992C000F0540 /* FirebaseAppCheck */ = {
			isa = XCSwiftPackageProductDependency;
			package = 75DB47FD2946992C000F0540 /* XCRemoteSwiftPackageReference "firebase-ios-sdk" */;
			productName = FirebaseAppCheck;
		};
		75DB48082946992C000F0540 /* FirebaseAppDistribution-Beta */ = {
			isa = XCSwiftPackageProductDependency;
			package = 75DB47FD2946992C000F0540 /* XCRemoteSwiftPackageReference "firebase-ios-sdk" */;
			productName = "FirebaseAppDistribution-Beta";
		};
		75DB480A2946992C000F0540 /* FirebaseAuth */ = {
			isa = XCSwiftPackageProductDependency;
			package = 75DB47FD2946992C000F0540 /* XCRemoteSwiftPackageReference "firebase-ios-sdk" */;
			productName = FirebaseAuth;
		};
		75DB480C2946992C000F0540 /* FirebaseAuthCombine-Community */ = {
			isa = XCSwiftPackageProductDependency;
			package = 75DB47FD2946992C000F0540 /* XCRemoteSwiftPackageReference "firebase-ios-sdk" */;
			productName = "FirebaseAuthCombine-Community";
		};
		75DB480E2946992C000F0540 /* FirebaseCrashlytics */ = {
			isa = XCSwiftPackageProductDependency;
			package = 75DB47FD2946992C000F0540 /* XCRemoteSwiftPackageReference "firebase-ios-sdk" */;
			productName = FirebaseCrashlytics;
		};
		75DB48102946992C000F0540 /* FirebaseDatabase */ = {
			isa = XCSwiftPackageProductDependency;
			package = 75DB47FD2946992C000F0540 /* XCRemoteSwiftPackageReference "firebase-ios-sdk" */;
			productName = FirebaseDatabase;
		};
		75DB48122946992C000F0540 /* FirebaseDatabaseSwift */ = {
			isa = XCSwiftPackageProductDependency;
			package = 75DB47FD2946992C000F0540 /* XCRemoteSwiftPackageReference "firebase-ios-sdk" */;
			productName = FirebaseDatabaseSwift;
		};
		75DB48142946992C000F0540 /* FirebaseDynamicLinks */ = {
			isa = XCSwiftPackageProductDependency;
			package = 75DB47FD2946992C000F0540 /* XCRemoteSwiftPackageReference "firebase-ios-sdk" */;
			productName = FirebaseDynamicLinks;
		};
		75DB48162946992C000F0540 /* FirebaseFirestore */ = {
			isa = XCSwiftPackageProductDependency;
			package = 75DB47FD2946992C000F0540 /* XCRemoteSwiftPackageReference "firebase-ios-sdk" */;
			productName = FirebaseFirestore;
		};
		75DB48182946992C000F0540 /* FirebaseFirestoreCombine-Community */ = {
			isa = XCSwiftPackageProductDependency;
			package = 75DB47FD2946992C000F0540 /* XCRemoteSwiftPackageReference "firebase-ios-sdk" */;
			productName = "FirebaseFirestoreCombine-Community";
		};
		75DB481A2946992C000F0540 /* FirebaseFirestoreSwift */ = {
			isa = XCSwiftPackageProductDependency;
			package = 75DB47FD2946992C000F0540 /* XCRemoteSwiftPackageReference "firebase-ios-sdk" */;
			productName = FirebaseFirestoreSwift;
		};
		75DB481C2946992C000F0540 /* FirebaseFunctions */ = {
			isa = XCSwiftPackageProductDependency;
			package = 75DB47FD2946992C000F0540 /* XCRemoteSwiftPackageReference "firebase-ios-sdk" */;
			productName = FirebaseFunctions;
		};
		75DB481E2946992C000F0540 /* FirebaseFunctionsCombine-Community */ = {
			isa = XCSwiftPackageProductDependency;
			package = 75DB47FD2946992C000F0540 /* XCRemoteSwiftPackageReference "firebase-ios-sdk" */;
			productName = "FirebaseFunctionsCombine-Community";
		};
		75DB48202946992C000F0540 /* FirebaseInAppMessaging-Beta */ = {
			isa = XCSwiftPackageProductDependency;
			package = 75DB47FD2946992C000F0540 /* XCRemoteSwiftPackageReference "firebase-ios-sdk" */;
			productName = "FirebaseInAppMessaging-Beta";
		};
		75DB48222946992C000F0540 /* FirebaseInAppMessagingSwift-Beta */ = {
			isa = XCSwiftPackageProductDependency;
			package = 75DB47FD2946992C000F0540 /* XCRemoteSwiftPackageReference "firebase-ios-sdk" */;
			productName = "FirebaseInAppMessagingSwift-Beta";
		};
		75DB48242946992C000F0540 /* FirebaseInstallations */ = {
			isa = XCSwiftPackageProductDependency;
			package = 75DB47FD2946992C000F0540 /* XCRemoteSwiftPackageReference "firebase-ios-sdk" */;
			productName = FirebaseInstallations;
		};
		75DB48262946992D000F0540 /* FirebaseMLModelDownloader */ = {
			isa = XCSwiftPackageProductDependency;
			package = 75DB47FD2946992C000F0540 /* XCRemoteSwiftPackageReference "firebase-ios-sdk" */;
			productName = FirebaseMLModelDownloader;
		};
		75DB48282946992D000F0540 /* FirebaseMessaging */ = {
			isa = XCSwiftPackageProductDependency;
			package = 75DB47FD2946992C000F0540 /* XCRemoteSwiftPackageReference "firebase-ios-sdk" */;
			productName = FirebaseMessaging;
		};
		75DB482A2946992D000F0540 /* FirebasePerformance */ = {
			isa = XCSwiftPackageProductDependency;
			package = 75DB47FD2946992C000F0540 /* XCRemoteSwiftPackageReference "firebase-ios-sdk" */;
			productName = FirebasePerformance;
		};
		75DB482C2946992D000F0540 /* FirebaseRemoteConfig */ = {
			isa = XCSwiftPackageProductDependency;
			package = 75DB47FD2946992C000F0540 /* XCRemoteSwiftPackageReference "firebase-ios-sdk" */;
			productName = FirebaseRemoteConfig;
		};
		75DB482E2946992D000F0540 /* FirebaseRemoteConfigSwift */ = {
			isa = XCSwiftPackageProductDependency;
			package = 75DB47FD2946992C000F0540 /* XCRemoteSwiftPackageReference "firebase-ios-sdk" */;
			productName = FirebaseRemoteConfigSwift;
		};
		75DB48302946992D000F0540 /* FirebaseStorage */ = {
			isa = XCSwiftPackageProductDependency;
			package = 75DB47FD2946992C000F0540 /* XCRemoteSwiftPackageReference "firebase-ios-sdk" */;
			productName = FirebaseStorage;
		};
		75DB48322946992D000F0540 /* FirebaseStorageCombine-Community */ = {
			isa = XCSwiftPackageProductDependency;
			package = 75DB47FD2946992C000F0540 /* XCRemoteSwiftPackageReference "firebase-ios-sdk" */;
			productName = "FirebaseStorageCombine-Community";
		};
/* End XCSwiftPackageProductDependency section */
	};
	rootObject = 75DB47C829469859000F0540 /* Project object */;
}
